{
  "nodes": {
    "lde": {
      "inputs": {
        "nixpkgs": [
          "nixpkgs"
        ]
      },
      "locked": {
        "lastModified": 1776201701,
        "narHash": "sha256-lWLbP6NyXUMmXp6nKw8DowwX2gGjZz03uyJyF4pj5Zo=",
        "owner": "lde-org",
        "repo": "lde-nix",
        "rev": "7c6f425bf53b7b56da7a819a076eb8ffacc45ca2",
        "type": "github"
      },
      "original": {
        "owner": "lde-org",
        "repo": "lde-nix",
        "type": "github"
      }
    },
    "nixpkgs": {
      "locked": {
        "lastModified": 1773814637,
        "narHash": "sha256-GNU+ooRmrHLfjlMsKdn0prEKVa0faVanm0jrgu1J/gY=",
        "owner": "NixOS",
        "repo": "nixpkgs",
        "rev": "fea3b367d61c1a6592bc47c72f40a9f3e6a53e96",
        "type": "github"
      },
      "original": {
        "owner": "NixOS",
        "ref": "nixos-25.11",
        "repo": "nixpkgs",
        "type": "github"
      }
    },
    "root": {
      "inputs": {
        "lde": "lde",
        "nixpkgs": "nixpkgs"
      }
    }
  },
  "root": "root",
  "version": 7
}
