{
  "nodes": {
    "lpm": {
      "inputs": {
        "nixpkgs": [
          "nixpkgs"
        ]
      },
      "locked": {
        "lastModified": 1774436408,
        "narHash": "sha256-fpXWgj/AsZ7xGtg5R8LqI5VIirQf7N9LIUK8873iE0Q=",
        "owner": "Silzinc",
        "repo": "lpm-nix",
        "rev": "d15081a93d1e2d6d733e271cdb8f234e8e2b419f",
        "type": "github"
      },
      "original": {
        "owner": "Silzinc",
        "ref": "refs/tags/v0.7.2",
        "repo": "lpm-nix",
        "type": "github"
      }
    },
    "nixpkgs": {
      "locked": {
        "lastModified": 1773814637,
        "narHash": "sha256-GNU+ooRmrHLfjlMsKdn0prEKVa0faVanm0jrgu1J/gY=",
        "owner": "NixOS",
        "repo": "nixpkgs",
        "rev": "fea3b367d61c1a6592bc47c72f40a9f3e6a53e96",
        "type": "github"
      },
      "original": {
        "owner": "NixOS",
        "ref": "nixos-25.11",
        "repo": "nixpkgs",
        "type": "github"
      }
    },
    "root": {
      "inputs": {
        "lpm": "lpm",
        "nixpkgs": "nixpkgs"
      }
    }
  },
  "root": "root",
  "version": 7
}
