{
  "nodes": {
    "lpm": {
      "inputs": {
        "nixpkgs": [
          "nixpkgs"
        ]
      },
      "locked": {
        "lastModified": 1774517031,
        "narHash": "sha256-MbPJ4TdFDteQ+HAWZEgkdkX/bwGlzaMEG7MOVl9DtK4=",
        "owner": "Silzinc",
        "repo": "lpm-nix",
        "rev": "d887ef46754a7cb1418afe0261863585c9069bdd",
        "type": "github"
      },
      "original": {
        "owner": "Silzinc",
        "ref": "refs/tags/v0.8.0",
        "repo": "lpm-nix",
        "type": "github"
      }
    },
    "nixpkgs": {
      "locked": {
        "lastModified": 1773814637,
        "narHash": "sha256-GNU+ooRmrHLfjlMsKdn0prEKVa0faVanm0jrgu1J/gY=",
        "owner": "NixOS",
        "repo": "nixpkgs",
        "rev": "fea3b367d61c1a6592bc47c72f40a9f3e6a53e96",
        "type": "github"
      },
      "original": {
        "owner": "NixOS",
        "ref": "nixos-25.11",
        "repo": "nixpkgs",
        "type": "github"
      }
    },
    "root": {
      "inputs": {
        "lpm": "lpm",
        "nixpkgs": "nixpkgs"
      }
    }
  },
  "root": "root",
  "version": 7
}
